// !$*UTF8*$!
{
	archiveVersion = 1;
	classes = {
	};
	objectVersion = 51;
	objects = {

/* Begin PBXBuildFile section */
		2D02562529807B8F00713BC4 /* GoogleSignInViewModel.swift in Sources */ = {isa = PBXBuildFile; fileRef = 2D02562429807B8F00713BC4 /* GoogleSignInViewModel.swift */; };
		2D02562A2981D2CD00713BC4 /* EditaUsuario.swift in Sources */ = {isa = PBXBuildFile; fileRef = 2D0256292981D2CD00713BC4 /* EditaUsuario.swift */; };
		2D02562C2981F75000713BC4 /* EditaHabitacion.swift in Sources */ = {isa = PBXBuildFile; fileRef = 2D02562B2981F75000713BC4 /* EditaHabitacion.swift */; };
		2D02562E2982036800713BC4 /* EditaPlantaFoto.swift in Sources */ = {isa = PBXBuildFile; fileRef = 2D02562D2982036800713BC4 /* EditaPlantaFoto.swift */; };
		2D0256302989B82400713BC4 /* PlantNetModel.swift in Sources */ = {isa = PBXBuildFile; fileRef = 2D02562F2989B82400713BC4 /* PlantNetModel.swift */; };
		2D0256322989C77A00713BC4 /* PlantNetViewModel.swift in Sources */ = {isa = PBXBuildFile; fileRef = 2D0256312989C77A00713BC4 /* PlantNetViewModel.swift */; };
		2D025634298B169F00713BC4 /* CardIdentifica.swift in Sources */ = {isa = PBXBuildFile; fileRef = 2D025633298B169E00713BC4 /* CardIdentifica.swift */; };
		2D1873892975CD3400C2FA25 /* AppDelegate.swift in Sources */ = {isa = PBXBuildFile; fileRef = 2D1873882975CD3400C2FA25 /* AppDelegate.swift */; };
		2D18738B2975D71E00C2FA25 /* FirebaseViewModel.swift in Sources */ = {isa = PBXBuildFile; fileRef = 2D18738A2975D71E00C2FA25 /* FirebaseViewModel.swift */; };
		2D18738E2975D97C00C2FA25 /* Login.swift in Sources */ = {isa = PBXBuildFile; fileRef = 2D18738D2975D97C00C2FA25 /* Login.swift */; };
		2D1873902977325100C2FA25 /* CrearUsuarioView.swift in Sources */ = {isa = PBXBuildFile; fileRef = 2D18738F2977325100C2FA25 /* CrearUsuarioView.swift */; };
		2D1873922977702800C2FA25 /* ImagePicker.swift in Sources */ = {isa = PBXBuildFile; fileRef = 2D1873912977702800C2FA25 /* ImagePicker.swift */; };
		2D1873962978A55500C2FA25 /* HabitacionModel.swift in Sources */ = {isa = PBXBuildFile; fileRef = 2D1873952978A55500C2FA25 /* HabitacionModel.swift */; };
		2D1873982978CDC100C2FA25 /* ImagenViewModel.swift in Sources */ = {isa = PBXBuildFile; fileRef = 2D1873972978CDC100C2FA25 /* ImagenViewModel.swift */; };
		2D18739A2978D1D300C2FA25 /* ImagenFirebase.swift in Sources */ = {isa = PBXBuildFile; fileRef = 2D1873992978D1D300C2FA25 /* ImagenFirebase.swift */; };
		2D618BB7296CDDD300E8FF7F /* DetallePlanta.swift in Sources */ = {isa = PBXBuildFile; fileRef = 2D618BB6296CDDD300E8FF7F /* DetallePlanta.swift */; };
		2D618BB9296CE6E500E8FF7F /* CardInfoView.swift in Sources */ = {isa = PBXBuildFile; fileRef = 2D618BB8296CE6E500E8FF7F /* CardInfoView.swift */; };
		2D89FBFC2968BFDA00AE5258 /* CeldaHabitaciones.swift in Sources */ = {isa = PBXBuildFile; fileRef = 2D89FBFB2968BFDA00AE5258 /* CeldaHabitaciones.swift */; };
		2D89FBFE2968C40500AE5258 /* NavBarHabitaciones.swift in Sources */ = {isa = PBXBuildFile; fileRef = 2D89FBFD2968C40500AE5258 /* NavBarHabitaciones.swift */; };
		2D89FC002968C4F800AE5258 /* FiltroHabitaciones.swift in Sources */ = {isa = PBXBuildFile; fileRef = 2D89FBFF2968C4F800AE5258 /* FiltroHabitaciones.swift */; };
		2D89FC022968C99600AE5258 /* Habitacion.swift in Sources */ = {isa = PBXBuildFile; fileRef = 2D89FC012968C99600AE5258 /* Habitacion.swift */; };
		2D8AA1912971E29000A311D5 /* CalendarioView.swift in Sources */ = {isa = PBXBuildFile; fileRef = 2D8AA1902971E29000A311D5 /* CalendarioView.swift */; };
		2D8ADF8A2967A5F300CAD46C /* NavBarHome.swift in Sources */ = {isa = PBXBuildFile; fileRef = 2D8ADF892967A5F300CAD46C /* NavBarHome.swift */; };
		2D8ADF8C2967ADFD00CAD46C /* TabViewMain.swift in Sources */ = {isa = PBXBuildFile; fileRef = 2D8ADF8B2967ADFD00CAD46C /* TabViewMain.swift */; };
		2D8ADF8E2967AE4E00CAD46C /* Recordatorios.swift in Sources */ = {isa = PBXBuildFile; fileRef = 2D8ADF8D2967AE4E00CAD46C /* Recordatorios.swift */; };
		2D8ADF902967AF2A00CAD46C /* ConfiguracionView.swift in Sources */ = {isa = PBXBuildFile; fileRef = 2D8ADF8F2967AF2A00CAD46C /* ConfiguracionView.swift */; };
		2D8ADF922967BBA200CAD46C /* AgregarPlantaView.swift in Sources */ = {isa = PBXBuildFile; fileRef = 2D8ADF912967BBA200CAD46C /* AgregarPlantaView.swift */; };
		2D8ADF942967BC4400CAD46C /* BuscaView.swift in Sources */ = {isa = PBXBuildFile; fileRef = 2D8ADF932967BC4400CAD46C /* BuscaView.swift */; };
		2D8E5577296E187800C065CB /* AgregarHabitacionView.swift in Sources */ = {isa = PBXBuildFile; fileRef = 2D8E5576296E187800C065CB /* AgregarHabitacionView.swift */; };
		2D8E5579296E227200C065CB /* AgregarPlantaFotoView.swift in Sources */ = {isa = PBXBuildFile; fileRef = 2D8E5578296E227200C065CB /* AgregarPlantaFotoView.swift */; };
		2D981AB22975C39000C07350 /* GoogleService-Info.plist in Resources */ = {isa = PBXBuildFile; fileRef = 2D981AB12975C39000C07350 /* GoogleService-Info.plist */; };
		2DA040D7297B25650067E86C /* UsuarioModel.swift in Sources */ = {isa = PBXBuildFile; fileRef = 2DA040D6297B25650067E86C /* UsuarioModel.swift */; };
		2DA09FDA2979CA8E00976BDA /* PlantaModel.swift in Sources */ = {isa = PBXBuildFile; fileRef = 2DA09FD92979CA8D00976BDA /* PlantaModel.swift */; };
		2DA82B662971F66D0089DB25 /* FechaModel.swift in Sources */ = {isa = PBXBuildFile; fileRef = 2DA82B652971F66D0089DB25 /* FechaModel.swift */; };
		2DA82B68297217D50089DB25 /* Tareas.swift in Sources */ = {isa = PBXBuildFile; fileRef = 2DA82B67297217D50089DB25 /* Tareas.swift */; };
		7DD9BCECE52ED4D5ADA26805 /* Pods_IphoneIpadFirebase.framework in Frameworks */ = {isa = PBXBuildFile; fileRef = 77EDC5F8A037DE426CB5C47D /* Pods_IphoneIpadFirebase.framework */; };
		CFE73A3F25B75D9D002DB2A6 /* IphoneIpadFirebaseApp.swift in Sources */ = {isa = PBXBuildFile; fileRef = CFE73A3E25B75D9D002DB2A6 /* IphoneIpadFirebaseApp.swift */; };
		CFE73A4125B75D9D002DB2A6 /* ContentView.swift in Sources */ = {isa = PBXBuildFile; fileRef = CFE73A4025B75D9D002DB2A6 /* ContentView.swift */; };
		CFE73A4325B75D9F002DB2A6 /* Assets.xcassets in Resources */ = {isa = PBXBuildFile; fileRef = CFE73A4225B75D9F002DB2A6 /* Assets.xcassets */; };
		CFE73A4625B75D9F002DB2A6 /* Preview Assets.xcassets in Resources */ = {isa = PBXBuildFile; fileRef = CFE73A4525B75D9F002DB2A6 /* Preview Assets.xcassets */; };
		CFE73A5125B76522002DB2A6 /* Home.swift in Sources */ = {isa = PBXBuildFile; fileRef = CFE73A5025B76521002DB2A6 /* Home.swift */; };
		CFE73A5425B7653E002DB2A6 /* NavBarDetallePlanta.swift in Sources */ = {isa = PBXBuildFile; fileRef = CFE73A5325B7653E002DB2A6 /* NavBarDetallePlanta.swift */; };
		CFE73A5725B7654B002DB2A6 /* CeldaPlantasView.swift in Sources */ = {isa = PBXBuildFile; fileRef = CFE73A5625B7654B002DB2A6 /* CeldaPlantasView.swift */; };
/* End PBXBuildFile section */

/* Begin PBXFileReference section */
		2D02562429807B8F00713BC4 /* GoogleSignInViewModel.swift */ = {isa = PBXFileReference; lastKnownFileType = sourcecode.swift; path = GoogleSignInViewModel.swift; sourceTree = "<group>"; };
		2D0256292981D2CD00713BC4 /* EditaUsuario.swift */ = {isa = PBXFileReference; lastKnownFileType = sourcecode.swift; path = EditaUsuario.swift; sourceTree = "<group>"; };
		2D02562B2981F75000713BC4 /* EditaHabitacion.swift */ = {isa = PBXFileReference; lastKnownFileType = sourcecode.swift; path = EditaHabitacion.swift; sourceTree = "<group>"; };
		2D02562D2982036800713BC4 /* EditaPlantaFoto.swift */ = {isa = PBXFileReference; lastKnownFileType = sourcecode.swift; path = EditaPlantaFoto.swift; sourceTree = "<group>"; };
		2D02562F2989B82400713BC4 /* PlantNetModel.swift */ = {isa = PBXFileReference; lastKnownFileType = sourcecode.swift; path = PlantNetModel.swift; sourceTree = "<group>"; };
		2D0256312989C77A00713BC4 /* PlantNetViewModel.swift */ = {isa = PBXFileReference; lastKnownFileType = sourcecode.swift; path = PlantNetViewModel.swift; sourceTree = "<group>"; };
		2D025633298B169E00713BC4 /* CardIdentifica.swift */ = {isa = PBXFileReference; lastKnownFileType = sourcecode.swift; path = CardIdentifica.swift; sourceTree = "<group>"; };
		2D1873882975CD3400C2FA25 /* AppDelegate.swift */ = {isa = PBXFileReference; lastKnownFileType = sourcecode.swift; path = AppDelegate.swift; sourceTree = "<group>"; };
		2D18738A2975D71E00C2FA25 /* FirebaseViewModel.swift */ = {isa = PBXFileReference; lastKnownFileType = sourcecode.swift; path = FirebaseViewModel.swift; sourceTree = "<group>"; };
		2D18738D2975D97C00C2FA25 /* Login.swift */ = {isa = PBXFileReference; lastKnownFileType = sourcecode.swift; path = Login.swift; sourceTree = "<group>"; };
		2D18738F2977325100C2FA25 /* CrearUsuarioView.swift */ = {isa = PBXFileReference; lastKnownFileType = sourcecode.swift; path = CrearUsuarioView.swift; sourceTree = "<group>"; };
		2D1873912977702800C2FA25 /* ImagePicker.swift */ = {isa = PBXFileReference; lastKnownFileType = sourcecode.swift; path = ImagePicker.swift; sourceTree = "<group>"; };
		2D1873952978A55500C2FA25 /* HabitacionModel.swift */ = {isa = PBXFileReference; lastKnownFileType = sourcecode.swift; path = HabitacionModel.swift; sourceTree = "<group>"; };
		2D1873972978CDC100C2FA25 /* ImagenViewModel.swift */ = {isa = PBXFileReference; lastKnownFileType = sourcecode.swift; path = ImagenViewModel.swift; sourceTree = "<group>"; };
		2D1873992978D1D300C2FA25 /* ImagenFirebase.swift */ = {isa = PBXFileReference; lastKnownFileType = sourcecode.swift; path = ImagenFirebase.swift; sourceTree = "<group>"; };
		2D618BB6296CDDD300E8FF7F /* DetallePlanta.swift */ = {isa = PBXFileReference; lastKnownFileType = sourcecode.swift; path = DetallePlanta.swift; sourceTree = "<group>"; };
		2D618BB8296CE6E500E8FF7F /* CardInfoView.swift */ = {isa = PBXFileReference; lastKnownFileType = sourcecode.swift; path = CardInfoView.swift; sourceTree = "<group>"; };
		2D89FBFB2968BFDA00AE5258 /* CeldaHabitaciones.swift */ = {isa = PBXFileReference; lastKnownFileType = sourcecode.swift; path = CeldaHabitaciones.swift; sourceTree = "<group>"; };
		2D89FBFD2968C40500AE5258 /* NavBarHabitaciones.swift */ = {isa = PBXFileReference; lastKnownFileType = sourcecode.swift; path = NavBarHabitaciones.swift; sourceTree = "<group>"; };
		2D89FBFF2968C4F800AE5258 /* FiltroHabitaciones.swift */ = {isa = PBXFileReference; lastKnownFileType = sourcecode.swift; path = FiltroHabitaciones.swift; sourceTree = "<group>"; };
		2D89FC012968C99600AE5258 /* Habitacion.swift */ = {isa = PBXFileReference; lastKnownFileType = sourcecode.swift; path = Habitacion.swift; sourceTree = "<group>"; };
		2D8AA1902971E29000A311D5 /* CalendarioView.swift */ = {isa = PBXFileReference; lastKnownFileType = sourcecode.swift; path = CalendarioView.swift; sourceTree = "<group>"; };
		2D8ADF892967A5F300CAD46C /* NavBarHome.swift */ = {isa = PBXFileReference; lastKnownFileType = sourcecode.swift; path = NavBarHome.swift; sourceTree = "<group>"; };
		2D8ADF8B2967ADFD00CAD46C /* TabViewMain.swift */ = {isa = PBXFileReference; lastKnownFileType = sourcecode.swift; path = TabViewMain.swift; sourceTree = "<group>"; };
		2D8ADF8D2967AE4E00CAD46C /* Recordatorios.swift */ = {isa = PBXFileReference; lastKnownFileType = sourcecode.swift; path = Recordatorios.swift; sourceTree = "<group>"; };
		2D8ADF8F2967AF2A00CAD46C /* ConfiguracionView.swift */ = {isa = PBXFileReference; lastKnownFileType = sourcecode.swift; path = ConfiguracionView.swift; sourceTree = "<group>"; };
		2D8ADF912967BBA200CAD46C /* AgregarPlantaView.swift */ = {isa = PBXFileReference; lastKnownFileType = sourcecode.swift; path = AgregarPlantaView.swift; sourceTree = "<group>"; };
		2D8ADF932967BC4400CAD46C /* BuscaView.swift */ = {isa = PBXFileReference; lastKnownFileType = sourcecode.swift; path = BuscaView.swift; sourceTree = "<group>"; };
		2D8E5576296E187800C065CB /* AgregarHabitacionView.swift */ = {isa = PBXFileReference; lastKnownFileType = sourcecode.swift; path = AgregarHabitacionView.swift; sourceTree = "<group>"; };
		2D8E5578296E227200C065CB /* AgregarPlantaFotoView.swift */ = {isa = PBXFileReference; lastKnownFileType = sourcecode.swift; path = AgregarPlantaFotoView.swift; sourceTree = "<group>"; };
		2D981AB12975C39000C07350 /* GoogleService-Info.plist */ = {isa = PBXFileReference; fileEncoding = 4; lastKnownFileType = text.plist.xml; path = "GoogleService-Info.plist"; sourceTree = "<group>"; };
		2DA040D6297B25650067E86C /* UsuarioModel.swift */ = {isa = PBXFileReference; lastKnownFileType = sourcecode.swift; path = UsuarioModel.swift; sourceTree = "<group>"; };
		2DA09FD92979CA8D00976BDA /* PlantaModel.swift */ = {isa = PBXFileReference; lastKnownFileType = sourcecode.swift; path = PlantaModel.swift; sourceTree = "<group>"; };
		2DA82B652971F66D0089DB25 /* FechaModel.swift */ = {isa = PBXFileReference; lastKnownFileType = sourcecode.swift; path = FechaModel.swift; sourceTree = "<group>"; };
		2DA82B67297217D50089DB25 /* Tareas.swift */ = {isa = PBXFileReference; lastKnownFileType = sourcecode.swift; path = Tareas.swift; sourceTree = "<group>"; };
		77EDC5F8A037DE426CB5C47D /* Pods_IphoneIpadFirebase.framework */ = {isa = PBXFileReference; explicitFileType = wrapper.framework; includeInIndex = 0; path = Pods_IphoneIpadFirebase.framework; sourceTree = BUILT_PRODUCTS_DIR; };
		9118BFDC627E96DCE065E7C3 /* Pods-IphoneIpadFirebase.release.xcconfig */ = {isa = PBXFileReference; includeInIndex = 1; lastKnownFileType = text.xcconfig; name = "Pods-IphoneIpadFirebase.release.xcconfig"; path = "Target Support Files/Pods-IphoneIpadFirebase/Pods-IphoneIpadFirebase.release.xcconfig"; sourceTree = "<group>"; };
		C6B198A7A3793ADA58D1AA71 /* Pods-IphoneIpadFirebase.debug.xcconfig */ = {isa = PBXFileReference; includeInIndex = 1; lastKnownFileType = text.xcconfig; name = "Pods-IphoneIpadFirebase.debug.xcconfig"; path = "Target Support Files/Pods-IphoneIpadFirebase/Pods-IphoneIpadFirebase.debug.xcconfig"; sourceTree = "<group>"; };
		CFE73A3B25B75D9D002DB2A6 /* IphoneIpadFirebase.app */ = {isa = PBXFileReference; explicitFileType = wrapper.application; includeInIndex = 0; path = IphoneIpadFirebase.app; sourceTree = BUILT_PRODUCTS_DIR; };
		CFE73A3E25B75D9D002DB2A6 /* IphoneIpadFirebaseApp.swift */ = {isa = PBXFileReference; lastKnownFileType = sourcecode.swift; path = IphoneIpadFirebaseApp.swift; sourceTree = "<group>"; };
		CFE73A4025B75D9D002DB2A6 /* ContentView.swift */ = {isa = PBXFileReference; lastKnownFileType = sourcecode.swift; path = ContentView.swift; sourceTree = "<group>"; };
		CFE73A4225B75D9F002DB2A6 /* Assets.xcassets */ = {isa = PBXFileReference; lastKnownFileType = folder.assetcatalog; path = Assets.xcassets; sourceTree = "<group>"; };
		CFE73A4525B75D9F002DB2A6 /* Preview Assets.xcassets */ = {isa = PBXFileReference; lastKnownFileType = folder.assetcatalog; path = "Preview Assets.xcassets"; sourceTree = "<group>"; };
		CFE73A4725B75D9F002DB2A6 /* Info.plist */ = {isa = PBXFileReference; lastKnownFileType = text.plist.xml; path = Info.plist; sourceTree = "<group>"; };
		CFE73A5025B76521002DB2A6 /* Home.swift */ = {isa = PBXFileReference; lastKnownFileType = sourcecode.swift; path = Home.swift; sourceTree = "<group>"; };
		CFE73A5325B7653E002DB2A6 /* NavBarDetallePlanta.swift */ = {isa = PBXFileReference; lastKnownFileType = sourcecode.swift; path = NavBarDetallePlanta.swift; sourceTree = "<group>"; };
		CFE73A5625B7654B002DB2A6 /* CeldaPlantasView.swift */ = {isa = PBXFileReference; lastKnownFileType = sourcecode.swift; path = CeldaPlantasView.swift; sourceTree = "<group>"; };
/* End PBXFileReference section */

/* Begin PBXFrameworksBuildPhase section */
		CFE73A3825B75D9D002DB2A6 /* Frameworks */ = {
			isa = PBXFrameworksBuildPhase;
			buildActionMask = 2147483647;
			files = (
				7DD9BCECE52ED4D5ADA26805 /* Pods_IphoneIpadFirebase.framework in Frameworks */,
			);
			runOnlyForDeploymentPostprocessing = 0;
		};
/* End PBXFrameworksBuildPhase section */

/* Begin PBXGroup section */
		2D0256262981D22800713BC4 /* Agregar */ = {
			isa = PBXGroup;
			children = (
				2D8ADF912967BBA200CAD46C /* AgregarPlantaView.swift */,
				2D8E5578296E227200C065CB /* AgregarPlantaFotoView.swift */,
				2D8E5576296E187800C065CB /* AgregarHabitacionView.swift */,
			);
			path = Agregar;
			sourceTree = "<group>";
		};
		2D0256272981D25A00713BC4 /* LogIn */ = {
			isa = PBXGroup;
			children = (
				2D18738D2975D97C00C2FA25 /* Login.swift */,
				2D18738F2977325100C2FA25 /* CrearUsuarioView.swift */,
			);
			path = LogIn;
			sourceTree = "<group>";
		};
		2D0256282981D28C00713BC4 /* Edita */ = {
			isa = PBXGroup;
			children = (
				2D0256292981D2CD00713BC4 /* EditaUsuario.swift */,
				2D02562B2981F75000713BC4 /* EditaHabitacion.swift */,
				2D02562D2982036800713BC4 /* EditaPlantaFoto.swift */,
			);
			path = Edita;
			sourceTree = "<group>";
		};
		2D18738C2975D72C00C2FA25 /* ViewModel */ = {
			isa = PBXGroup;
			children = (
				2D18738A2975D71E00C2FA25 /* FirebaseViewModel.swift */,
				2D1873972978CDC100C2FA25 /* ImagenViewModel.swift */,
				2D02562429807B8F00713BC4 /* GoogleSignInViewModel.swift */,
				2D0256312989C77A00713BC4 /* PlantNetViewModel.swift */,
			);
			path = ViewModel;
			sourceTree = "<group>";
		};
		2D89FC032968F27800AE5258 /* Model */ = {
			isa = PBXGroup;
			children = (
				2DA82B652971F66D0089DB25 /* FechaModel.swift */,
				2DA82B67297217D50089DB25 /* Tareas.swift */,
				2D1873952978A55500C2FA25 /* HabitacionModel.swift */,
				2DA09FD92979CA8D00976BDA /* PlantaModel.swift */,
				2DA040D6297B25650067E86C /* UsuarioModel.swift */,
				2D02562F2989B82400713BC4 /* PlantNetModel.swift */,
			);
			path = Model;
			sourceTree = "<group>";
		};
		B96FC0EEBE7391A477F85844 /* Frameworks */ = {
			isa = PBXGroup;
			children = (
				77EDC5F8A037DE426CB5C47D /* Pods_IphoneIpadFirebase.framework */,
			);
			name = Frameworks;
			sourceTree = "<group>";
		};
		CFE73A3225B75D9D002DB2A6 = {
			isa = PBXGroup;
			children = (
				CFE73A3D25B75D9D002DB2A6 /* IphoneIpadFirebase */,
				CFE73A3C25B75D9D002DB2A6 /* Products */,
				E35F71A0B73157CC6FE5EE1F /* Pods */,
				B96FC0EEBE7391A477F85844 /* Frameworks */,
			);
			sourceTree = "<group>";
		};
		CFE73A3C25B75D9D002DB2A6 /* Products */ = {
			isa = PBXGroup;
			children = (
				CFE73A3B25B75D9D002DB2A6 /* IphoneIpadFirebase.app */,
			);
			name = Products;
			sourceTree = "<group>";
		};
		CFE73A3D25B75D9D002DB2A6 /* IphoneIpadFirebase */ = {
			isa = PBXGroup;
			children = (
				2D18738C2975D72C00C2FA25 /* ViewModel */,
				2D89FC032968F27800AE5258 /* Model */,
				CFE73A4E25B764F1002DB2A6 /* View */,
				CFE73A3E25B75D9D002DB2A6 /* IphoneIpadFirebaseApp.swift */,
				CFE73A4025B75D9D002DB2A6 /* ContentView.swift */,
				2D981AB12975C39000C07350 /* GoogleService-Info.plist */,
				CFE73A4225B75D9F002DB2A6 /* Assets.xcassets */,
				CFE73A4725B75D9F002DB2A6 /* Info.plist */,
				CFE73A4425B75D9F002DB2A6 /* Preview Content */,
				2D1873882975CD3400C2FA25 /* AppDelegate.swift */,
			);
			path = IphoneIpadFirebase;
			sourceTree = "<group>";
		};
		CFE73A4425B75D9F002DB2A6 /* Preview Content */ = {
			isa = PBXGroup;
			children = (
				CFE73A4525B75D9F002DB2A6 /* Preview Assets.xcassets */,
			);
			path = "Preview Content";
			sourceTree = "<group>";
		};
		CFE73A4E25B764F1002DB2A6 /* View */ = {
			isa = PBXGroup;
			children = (
				2D0256282981D28C00713BC4 /* Edita */,
				2D0256272981D25A00713BC4 /* LogIn */,
				2D0256262981D22800713BC4 /* Agregar */,
				CFE73A4F25B764F9002DB2A6 /* Elementos */,
				2D8ADF8B2967ADFD00CAD46C /* TabViewMain.swift */,
				CFE73A5025B76521002DB2A6 /* Home.swift */,
				2D8ADF8D2967AE4E00CAD46C /* Recordatorios.swift */,
				2D8ADF8F2967AF2A00CAD46C /* ConfiguracionView.swift */,
				2D8ADF932967BC4400CAD46C /* BuscaView.swift */,
				2D89FC012968C99600AE5258 /* Habitacion.swift */,
				2D618BB6296CDDD300E8FF7F /* DetallePlanta.swift */,
			);
			path = View;
			sourceTree = "<group>";
		};
		CFE73A4F25B764F9002DB2A6 /* Elementos */ = {
			isa = PBXGroup;
			children = (
				CFE73A5325B7653E002DB2A6 /* NavBarDetallePlanta.swift */,
				2D89FBFD2968C40500AE5258 /* NavBarHabitaciones.swift */,
				2D8ADF892967A5F300CAD46C /* NavBarHome.swift */,
				CFE73A5625B7654B002DB2A6 /* CeldaPlantasView.swift */,
				2D89FBFB2968BFDA00AE5258 /* CeldaHabitaciones.swift */,
				2D89FBFF2968C4F800AE5258 /* FiltroHabitaciones.swift */,
				2D618BB8296CE6E500E8FF7F /* CardInfoView.swift */,
				2D8AA1902971E29000A311D5 /* CalendarioView.swift */,
				2D1873912977702800C2FA25 /* ImagePicker.swift */,
				2D1873992978D1D300C2FA25 /* ImagenFirebase.swift */,
				2D025633298B169E00713BC4 /* CardIdentifica.swift */,
			);
			path = Elementos;
			sourceTree = "<group>";
		};
		E35F71A0B73157CC6FE5EE1F /* Pods */ = {
			isa = PBXGroup;
			children = (
				C6B198A7A3793ADA58D1AA71 /* Pods-IphoneIpadFirebase.debug.xcconfig */,
				9118BFDC627E96DCE065E7C3 /* Pods-IphoneIpadFirebase.release.xcconfig */,
			);
			path = Pods;
			sourceTree = "<group>";
		};
/* End PBXGroup section */

/* Begin PBXNativeTarget section */
		CFE73A3A25B75D9D002DB2A6 /* IphoneIpadFirebase */ = {
			isa = PBXNativeTarget;
			buildConfigurationList = CFE73A4A25B75D9F002DB2A6 /* Build configuration list for PBXNativeTarget "IphoneIpadFirebase" */;
			buildPhases = (
				5A768BA997FFE2A43EC1C287 /* [CP] Check Pods Manifest.lock */,
				CFE73A3725B75D9D002DB2A6 /* Sources */,
				CFE73A3825B75D9D002DB2A6 /* Frameworks */,
				CFE73A3925B75D9D002DB2A6 /* Resources */,
				48169B1DC9A3124E59905568 /* [CP] Embed Pods Frameworks */,
			);
			buildRules = (
			);
			dependencies = (
			);
			name = IphoneIpadFirebase;
			productName = IphoneIpadFirebase;
			productReference = CFE73A3B25B75D9D002DB2A6 /* IphoneIpadFirebase.app */;
			productType = "com.apple.product-type.application";
		};
/* End PBXNativeTarget section */

/* Begin PBXProject section */
		CFE73A3325B75D9D002DB2A6 /* Project object */ = {
			isa = PBXProject;
			attributes = {
				LastSwiftUpdateCheck = 1230;
				LastUpgradeCheck = 1230;
				TargetAttributes = {
					CFE73A3A25B75D9D002DB2A6 = {
						CreatedOnToolsVersion = 12.3;
					};
				};
			};
			buildConfigurationList = CFE73A3625B75D9D002DB2A6 /* Build configuration list for PBXProject "IphoneIpadFirebase" */;
			compatibilityVersion = "Xcode 9.3";
			developmentRegion = en;
			hasScannedForEncodings = 0;
			knownRegions = (
				en,
				Base,
			);
			mainGroup = CFE73A3225B75D9D002DB2A6;
			productRefGroup = CFE73A3C25B75D9D002DB2A6 /* Products */;
			projectDirPath = "";
			projectRoot = "";
			targets = (
				CFE73A3A25B75D9D002DB2A6 /* IphoneIpadFirebase */,
			);
		};
/* End PBXProject section */

/* Begin PBXResourcesBuildPhase section */
		CFE73A3925B75D9D002DB2A6 /* Resources */ = {
			isa = PBXResourcesBuildPhase;
			buildActionMask = 2147483647;
			files = (
				CFE73A4625B75D9F002DB2A6 /* Preview Assets.xcassets in Resources */,
				CFE73A4325B75D9F002DB2A6 /* Assets.xcassets in Resources */,
				2D981AB22975C39000C07350 /* GoogleService-Info.plist in Resources */,
			);
			runOnlyForDeploymentPostprocessing = 0;
		};
/* End PBXResourcesBuildPhase section */

/* Begin PBXShellScriptBuildPhase section */
		48169B1DC9A3124E59905568 /* [CP] Embed Pods Frameworks */ = {
			isa = PBXShellScriptBuildPhase;
			buildActionMask = 2147483647;
			files = (
			);
			inputFileListPaths = (
				"${PODS_ROOT}/Target Support Files/Pods-IphoneIpadFirebase/Pods-IphoneIpadFirebase-frameworks-${CONFIGURATION}-input-files.xcfilelist",
			);
			name = "[CP] Embed Pods Frameworks";
			outputFileListPaths = (
				"${PODS_ROOT}/Target Support Files/Pods-IphoneIpadFirebase/Pods-IphoneIpadFirebase-frameworks-${CONFIGURATION}-output-files.xcfilelist",
			);
			runOnlyForDeploymentPostprocessing = 0;
			shellPath = /bin/sh;
			shellScript = "\"${PODS_ROOT}/Target Support Files/Pods-IphoneIpadFirebase/Pods-IphoneIpadFirebase-frameworks.sh\"\n";
			showEnvVarsInLog = 0;
		};
		5A768BA997FFE2A43EC1C287 /* [CP] Check Pods Manifest.lock */ = {
			isa = PBXShellScriptBuildPhase;
			buildActionMask = 2147483647;
			files = (
			);
			inputFileListPaths = (
			);
			inputPaths = (
				"${PODS_PODFILE_DIR_PATH}/Podfile.lock",
				"${PODS_ROOT}/Manifest.lock",
			);
			name = "[CP] Check Pods Manifest.lock";
			outputFileListPaths = (
			);
			outputPaths = (
				"$(DERIVED_FILE_DIR)/Pods-IphoneIpadFirebase-checkManifestLockResult.txt",
			);
			runOnlyForDeploymentPostprocessing = 0;
			shellPath = /bin/sh;
			shellScript = "diff \"${PODS_PODFILE_DIR_PATH}/Podfile.lock\" \"${PODS_ROOT}/Manifest.lock\" > /dev/null\nif [ $? != 0 ] ; then\n    # print error to STDERR\n    echo \"error: The sandbox is not in sync with the Podfile.lock. Run 'pod install' or update your CocoaPods installation.\" >&2\n    exit 1\nfi\n# This output is used by Xcode 'outputs' to avoid re-running this script phase.\necho \"SUCCESS\" > \"${SCRIPT_OUTPUT_FILE_0}\"\n";
			showEnvVarsInLog = 0;
		};
/* End PBXShellScriptBuildPhase section */

/* Begin PBXSourcesBuildPhase section */
		CFE73A3725B75D9D002DB2A6 /* Sources */ = {
			isa = PBXSourcesBuildPhase;
			buildActionMask = 2147483647;
			files = (
				2D1873892975CD3400C2FA25 /* AppDelegate.swift in Sources */,
				2D8ADF922967BBA200CAD46C /* AgregarPlantaView.swift in Sources */,
				2D02562A2981D2CD00713BC4 /* EditaUsuario.swift in Sources */,
				2D89FC002968C4F800AE5258 /* FiltroHabitaciones.swift in Sources */,
				2D1873922977702800C2FA25 /* ImagePicker.swift in Sources */,
				2D89FBFE2968C40500AE5258 /* NavBarHabitaciones.swift in Sources */,
				2D89FBFC2968BFDA00AE5258 /* CeldaHabitaciones.swift in Sources */,
				2DA040D7297B25650067E86C /* UsuarioModel.swift in Sources */,
				2D89FC022968C99600AE5258 /* Habitacion.swift in Sources */,
				2DA82B662971F66D0089DB25 /* FechaModel.swift in Sources */,
				2DA82B68297217D50089DB25 /* Tareas.swift in Sources */,
				2D025634298B169F00713BC4 /* CardIdentifica.swift in Sources */,
				2D8ADF942967BC4400CAD46C /* BuscaView.swift in Sources */,
				CFE73A4125B75D9D002DB2A6 /* ContentView.swift in Sources */,
				CFE73A5425B7653E002DB2A6 /* NavBarDetallePlanta.swift in Sources */,
				2D8E5577296E187800C065CB /* AgregarHabitacionView.swift in Sources */,
				2D02562C2981F75000713BC4 /* EditaHabitacion.swift in Sources */,
				2D18739A2978D1D300C2FA25 /* ImagenFirebase.swift in Sources */,
				2D618BB9296CE6E500E8FF7F /* CardInfoView.swift in Sources */,
				2D0256322989C77A00713BC4 /* PlantNetViewModel.swift in Sources */,
				2D1873962978A55500C2FA25 /* HabitacionModel.swift in Sources */,
				2D18738B2975D71E00C2FA25 /* FirebaseViewModel.swift in Sources */,
				2DA09FDA2979CA8E00976BDA /* PlantaModel.swift in Sources */,
				2D18738E2975D97C00C2FA25 /* Login.swift in Sources */,
				2D8E5579296E227200C065CB /* AgregarPlantaFotoView.swift in Sources */,
				CFE73A5125B76522002DB2A6 /* Home.swift in Sources */,
				2D618BB7296CDDD300E8FF7F /* DetallePlanta.swift in Sources */,
				CFE73A3F25B75D9D002DB2A6 /* IphoneIpadFirebaseApp.swift in Sources */,
				CFE73A5725B7654B002DB2A6 /* CeldaPlantasView.swift in Sources */,
				2D8ADF8E2967AE4E00CAD46C /* Recordatorios.swift in Sources */,
				2D1873982978CDC100C2FA25 /* ImagenViewModel.swift in Sources */,
				2D8ADF8A2967A5F300CAD46C /* NavBarHome.swift in Sources */,
				2D02562529807B8F00713BC4 /* GoogleSignInViewModel.swift in Sources */,
				2D02562E2982036800713BC4 /* EditaPlantaFoto.swift in Sources */,
				2D8AA1912971E29000A311D5 /* CalendarioView.swift in Sources */,
				2D1873902977325100C2FA25 /* CrearUsuarioView.swift in Sources */,
				2D8ADF902967AF2A00CAD46C /* ConfiguracionView.swift in Sources */,
				2D0256302989B82400713BC4 /* PlantNetModel.swift in Sources */,
				2D8ADF8C2967ADFD00CAD46C /* TabViewMain.swift in Sources */,
			);
			runOnlyForDeploymentPostprocessing = 0;
		};
/* End PBXSourcesBuildPhase section */

/* Begin XCBuildConfiguration section */
		CFE73A4825B75D9F002DB2A6 /* Debug */ = {
			isa = XCBuildConfiguration;
			buildSettings = {
				ALWAYS_SEARCH_USER_PATHS = NO;
				CLANG_ANALYZER_NONNULL = YES;
				CLANG_ANALYZER_NUMBER_OBJECT_CONVERSION = YES_AGGRESSIVE;
				CLANG_CXX_LANGUAGE_STANDARD = "gnu++14";
				CLANG_CXX_LIBRARY = "libc++";
				CLANG_ENABLE_MODULES = YES;
				CLANG_ENABLE_OBJC_ARC = YES;
				CLANG_ENABLE_OBJC_WEAK = YES;
				CLANG_WARN_BLOCK_CAPTURE_AUTORELEASING = YES;
				CLANG_WARN_BOOL_CONVERSION = YES;
				CLANG_WARN_COMMA = YES;
				CLANG_WARN_CONSTANT_CONVERSION = YES;
				CLANG_WARN_DEPRECATED_OBJC_IMPLEMENTATIONS = YES;
				CLANG_WARN_DIRECT_OBJC_ISA_USAGE = YES_ERROR;
				CLANG_WARN_DOCUMENTATION_COMMENTS = YES;
				CLANG_WARN_EMPTY_BODY = YES;
				CLANG_WARN_ENUM_CONVERSION = YES;
				CLANG_WARN_INFINITE_RECURSION = YES;
				CLANG_WARN_INT_CONVERSION = YES;
				CLANG_WARN_NON_LITERAL_NULL_CONVERSION = YES;
				CLANG_WARN_OBJC_IMPLICIT_RETAIN_SELF = YES;
				CLANG_WARN_OBJC_LITERAL_CONVERSION = YES;
				CLANG_WARN_OBJC_ROOT_CLASS = YES_ERROR;
				CLANG_WARN_QUOTED_INCLUDE_IN_FRAMEWORK_HEADER = YES;
				CLANG_WARN_RANGE_LOOP_ANALYSIS = YES;
				CLANG_WARN_STRICT_PROTOTYPES = YES;
				CLANG_WARN_SUSPICIOUS_MOVE = YES;
				CLANG_WARN_UNGUARDED_AVAILABILITY = YES_AGGRESSIVE;
				CLANG_WARN_UNREACHABLE_CODE = YES;
				CLANG_WARN__DUPLICATE_METHOD_MATCH = YES;
				COPY_PHASE_STRIP = NO;
				DEBUG_INFORMATION_FORMAT = dwarf;
				ENABLE_STRICT_OBJC_MSGSEND = YES;
				ENABLE_TESTABILITY = YES;
				GCC_C_LANGUAGE_STANDARD = gnu11;
				GCC_DYNAMIC_NO_PIC = NO;
				GCC_NO_COMMON_BLOCKS = YES;
				GCC_OPTIMIZATION_LEVEL = 0;
				GCC_PREPROCESSOR_DEFINITIONS = (
					"DEBUG=1",
					"$(inherited)",
				);
				GCC_WARN_64_TO_32_BIT_CONVERSION = YES;
				GCC_WARN_ABOUT_RETURN_TYPE = YES_ERROR;
				GCC_WARN_UNDECLARED_SELECTOR = YES;
				GCC_WARN_UNINITIALIZED_AUTOS = YES_AGGRESSIVE;
				GCC_WARN_UNUSED_FUNCTION = YES;
				GCC_WARN_UNUSED_VARIABLE = YES;
				IPHONEOS_DEPLOYMENT_TARGET = 14.3;
				MTL_ENABLE_DEBUG_INFO = INCLUDE_SOURCE;
				MTL_FAST_MATH = YES;
				ONLY_ACTIVE_ARCH = YES;
				SDKROOT = iphoneos;
				SWIFT_ACTIVE_COMPILATION_CONDITIONS = DEBUG;
				SWIFT_OPTIMIZATION_LEVEL = "-Onone";
			};
			name = Debug;
		};
		CFE73A4925B75D9F002DB2A6 /* Release */ = {
			isa = XCBuildConfiguration;
			buildSettings = {
				ALWAYS_SEARCH_USER_PATHS = NO;
				CLANG_ANALYZER_NONNULL = YES;
				CLANG_ANALYZER_NUMBER_OBJECT_CONVERSION = YES_AGGRESSIVE;
				CLANG_CXX_LANGUAGE_STANDARD = "gnu++14";
				CLANG_CXX_LIBRARY = "libc++";
				CLANG_ENABLE_MODULES = YES;
				CLANG_ENABLE_OBJC_ARC = YES;
				CLANG_ENABLE_OBJC_WEAK = YES;
				CLANG_WARN_BLOCK_CAPTURE_AUTORELEASING = YES;
				CLANG_WARN_BOOL_CONVERSION = YES;
				CLANG_WARN_COMMA = YES;
				CLANG_WARN_CONSTANT_CONVERSION = YES;
				CLANG_WARN_DEPRECATED_OBJC_IMPLEMENTATIONS = YES;
				CLANG_WARN_DIRECT_OBJC_ISA_USAGE = YES_ERROR;
				CLANG_WARN_DOCUMENTATION_COMMENTS = YES;
				CLANG_WARN_EMPTY_BODY = YES;
				CLANG_WARN_ENUM_CONVERSION = YES;
				CLANG_WARN_INFINITE_RECURSION = YES;
				CLANG_WARN_INT_CONVERSION = YES;
				CLANG_WARN_NON_LITERAL_NULL_CONVERSION = YES;
				CLANG_WARN_OBJC_IMPLICIT_RETAIN_SELF = YES;
				CLANG_WARN_OBJC_LITERAL_CONVERSION = YES;
				CLANG_WARN_OBJC_ROOT_CLASS = YES_ERROR;
				CLANG_WARN_QUOTED_INCLUDE_IN_FRAMEWORK_HEADER = YES;
				CLANG_WARN_RANGE_LOOP_ANALYSIS = YES;
				CLANG_WARN_STRICT_PROTOTYPES = YES;
				CLANG_WARN_SUSPICIOUS_MOVE = YES;
				CLANG_WARN_UNGUARDED_AVAILABILITY = YES_AGGRESSIVE;
				CLANG_WARN_UNREACHABLE_CODE = YES;
				CLANG_WARN__DUPLICATE_METHOD_MATCH = YES;
				COPY_PHASE_STRIP = NO;
				DEBUG_INFORMATION_FORMAT = "dwarf-with-dsym";
				ENABLE_NS_ASSERTIONS = NO;
				ENABLE_STRICT_OBJC_MSGSEND = YES;
				GCC_C_LANGUAGE_STANDARD = gnu11;
				GCC_NO_COMMON_BLOCKS = YES;
				GCC_WARN_64_TO_32_BIT_CONVERSION = YES;
				GCC_WARN_ABOUT_RETURN_TYPE = YES_ERROR;
				GCC_WARN_UNDECLARED_SELECTOR = YES;
				GCC_WARN_UNINITIALIZED_AUTOS = YES_AGGRESSIVE;
				GCC_WARN_UNUSED_FUNCTION = YES;
				GCC_WARN_UNUSED_VARIABLE = YES;
				IPHONEOS_DEPLOYMENT_TARGET = 14.3;
				MTL_ENABLE_DEBUG_INFO = NO;
				MTL_FAST_MATH = YES;
				SDKROOT = iphoneos;
				SWIFT_COMPILATION_MODE = wholemodule;
				SWIFT_OPTIMIZATION_LEVEL = "-O";
				VALIDATE_PRODUCT = YES;
			};
			name = Release;
		};
		CFE73A4B25B75D9F002DB2A6 /* Debug */ = {
			isa = XCBuildConfiguration;
			baseConfigurationReference = C6B198A7A3793ADA58D1AA71 /* Pods-IphoneIpadFirebase.debug.xcconfig */;
			buildSettings = {
				ASSETCATALOG_COMPILER_APPICON_NAME = AppIcon;
				ASSETCATALOG_COMPILER_GLOBAL_ACCENT_COLOR_NAME = AccentColor;
				CODE_SIGN_STYLE = Automatic;
				DEVELOPMENT_ASSET_PATHS = "\"IphoneIpadFirebase/Preview Content\"";
				DEVELOPMENT_TEAM = 7U8Z4PHGBC;
				ENABLE_PREVIEWS = YES;
				INFOPLIST_FILE = IphoneIpadFirebase/Info.plist;
				IPHONEOS_DEPLOYMENT_TARGET = 16.0;
				LD_RUNPATH_SEARCH_PATHS = (
					"$(inherited)",
					"@executable_path/Frameworks",
				);
				PRODUCT_BUNDLE_IDENTIFIER = com.develop.IphoneIpadFirebase;
				PRODUCT_NAME = "$(TARGET_NAME)";
				SWIFT_VERSION = 5.0;
				TARGETED_DEVICE_FAMILY = "1,2";
			};
			name = Debug;
		};
		CFE73A4C25B75D9F002DB2A6 /* Release */ = {
			isa = XCBuildConfiguration;
			baseConfigurationReference = 9118BFDC627E96DCE065E7C3 /* Pods-IphoneIpadFirebase.release.xcconfig */;
			buildSettings = {
				ASSETCATALOG_COMPILER_APPICON_NAME = AppIcon;
				ASSETCATALOG_COMPILER_GLOBAL_ACCENT_COLOR_NAME = AccentColor;
				CODE_SIGN_STYLE = Automatic;
				DEVELOPMENT_ASSET_PATHS = "\"IphoneIpadFirebase/Preview Content\"";
				DEVELOPMENT_TEAM = 7U8Z4PHGBC;
				ENABLE_PREVIEWS = YES;
				INFOPLIST_FILE = IphoneIpadFirebase/Info.plist;
				IPHONEOS_DEPLOYMENT_TARGET = 16.0;
				LD_RUNPATH_SEARCH_PATHS = (
					"$(inherited)",
					"@executable_path/Frameworks",
				);
				PRODUCT_BUNDLE_IDENTIFIER = com.develop.IphoneIpadFirebase;
				PRODUCT_NAME = "$(TARGET_NAME)";
				SWIFT_VERSION = 5.0;
				TARGETED_DEVICE_FAMILY = "1,2";
			};
			name = Release;
		};
/* End XCBuildConfiguration section */

/* Begin XCConfigurationList section */
		CFE73A3625B75D9D002DB2A6 /* Build configuration list for PBXProject "IphoneIpadFirebase" */ = {
			isa = XCConfigurationList;
			buildConfigurations = (
				CFE73A4825B75D9F002DB2A6 /* Debug */,
				CFE73A4925B75D9F002DB2A6 /* Release */,
			);
			defaultConfigurationIsVisible = 0;
			defaultConfigurationName = Release;
		};
		CFE73A4A25B75D9F002DB2A6 /* Build configuration list for PBXNativeTarget "IphoneIpadFirebase" */ = {
			isa = XCConfigurationList;
			buildConfigurations = (
				CFE73A4B25B75D9F002DB2A6 /* Debug */,
				CFE73A4C25B75D9F002DB2A6 /* Release */,
			);
			defaultConfigurationIsVisible = 0;
			defaultConfigurationName = Release;
		};
/* End XCConfigurationList section */
	};
	rootObject = CFE73A3325B75D9D002DB2A6 /* Project object */;
}
